// !$*UTF8*$!
{
	archiveVersion = 1;
	classes = {
	};
	objectVersion = 55;
	objects = {

/* Begin PBXBuildFile section */
		FA11CA9428B5D37300EB6FE8 /* AppDelegate.swift in Sources */ = {isa = PBXBuildFile; fileRef = FA11CA9328B5D37300EB6FE8 /* AppDelegate.swift */; };
		FA11CA9628B5D37300EB6FE8 /* SceneDelegate.swift in Sources */ = {isa = PBXBuildFile; fileRef = FA11CA9528B5D37300EB6FE8 /* SceneDelegate.swift */; };
		FA11CA9828B5D37300EB6FE8 /* ViewController.swift in Sources */ = {isa = PBXBuildFile; fileRef = FA11CA9728B5D37300EB6FE8 /* ViewController.swift */; };
		FA11CA9B28B5D37300EB6FE8 /* Main.storyboard in Resources */ = {isa = PBXBuildFile; fileRef = FA11CA9928B5D37300EB6FE8 /* Main.storyboard */; };
		FA11CA9E28B5D37300EB6FE8 /* Weather.xcdatamodeld in Sources */ = {isa = PBXBuildFile; fileRef = FA11CA9C28B5D37300EB6FE8 /* Weather.xcdatamodeld */; };
		FA11CAA028B5D37300EB6FE8 /* Assets.xcassets in Resources */ = {isa = PBXBuildFile; fileRef = FA11CA9F28B5D37300EB6FE8 /* Assets.xcassets */; };
		FA11CAA328B5D37300EB6FE8 /* LaunchScreen.storyboard in Resources */ = {isa = PBXBuildFile; fileRef = FA11CAA128B5D37300EB6FE8 /* LaunchScreen.storyboard */; };
		FA11CAAE28B5D37400EB6FE8 /* WeatherTests.swift in Sources */ = {isa = PBXBuildFile; fileRef = FA11CAAD28B5D37400EB6FE8 /* WeatherTests.swift */; };
		FA11CAB828B5D37400EB6FE8 /* WeatherUITests.swift in Sources */ = {isa = PBXBuildFile; fileRef = FA11CAB728B5D37400EB6FE8 /* WeatherUITests.swift */; };
		FA11CABA28B5D37400EB6FE8 /* WeatherUITestsLaunchTests.swift in Sources */ = {isa = PBXBuildFile; fileRef = FA11CAB928B5D37400EB6FE8 /* WeatherUITestsLaunchTests.swift */; };
/* End PBXBuildFile section */

/* Begin PBXContainerItemProxy section */
		FA11CAAA28B5D37400EB6FE8 /* PBXContainerItemProxy */ = {
			isa = PBXContainerItemProxy;
			containerPortal = FA11CA8828B5D37300EB6FE8 /* Project object */;
			proxyType = 1;
			remoteGlobalIDString = FA11CA8F28B5D37300EB6FE8;
			remoteInfo = Weather;
		};
		FA11CAB428B5D37400EB6FE8 /* PBXContainerItemProxy */ = {
			isa = PBXContainerItemProxy;
			containerPortal = FA11CA8828B5D37300EB6FE8 /* Project object */;
			proxyType = 1;
			remoteGlobalIDString = FA11CA8F28B5D37300EB6FE8;
			remoteInfo = Weather;
		};
/* End PBXContainerItemProxy section */

/* Begin PBXFileReference section */
		FA11CA9028B5D37300EB6FE8 /* Weather.app */ = {isa = PBXFileReference; explicitFileType = wrapper.application; includeInIndex = 0; path = Weather.app; sourceTree = BUILT_PRODUCTS_DIR; };
		FA11CA9328B5D37300EB6FE8 /* AppDelegate.swift */ = {isa = PBXFileReference; lastKnownFileType = sourcecode.swift; path = AppDelegate.swift; sourceTree = "<group>"; };
		FA11CA9528B5D37300EB6FE8 /* SceneDelegate.swift */ = {isa = PBXFileReference; lastKnownFileType = sourcecode.swift; path = SceneDelegate.swift; sourceTree = "<group>"; };
		FA11CA9728B5D37300EB6FE8 /* ViewController.swift */ = {isa = PBXFileReference; lastKnownFileType = sourcecode.swift; path = ViewController.swift; sourceTree = "<group>"; };
		FA11CA9A28B5D37300EB6FE8 /* Base */ = {isa = PBXFileReference; lastKnownFileType = file.storyboard; name = Base; path = Base.lproj/Main.storyboard; sourceTree = "<group>"; };
		FA11CA9D28B5D37300EB6FE8 /* Weather.xcdatamodel */ = {isa = PBXFileReference; lastKnownFileType = wrapper.xcdatamodel; path = Weather.xcdatamodel; sourceTree = "<group>"; };
		FA11CA9F28B5D37300EB6FE8 /* Assets.xcassets */ = {isa = PBXFileReference; lastKnownFileType = folder.assetcatalog; path = Assets.xcassets; sourceTree = "<group>"; };
		FA11CAA228B5D37300EB6FE8 /* Base */ = {isa = PBXFileReference; lastKnownFileType = file.storyboard; name = Base; path = Base.lproj/LaunchScreen.storyboard; sourceTree = "<group>"; };
		FA11CAA428B5D37300EB6FE8 /* Info.plist */ = {isa = PBXFileReference; lastKnownFileType = text.plist.xml; path = Info.plist; sourceTree = "<group>"; };
		FA11CAA928B5D37400EB6FE8 /* WeatherTests.xctest */ = {isa = PBXFileReference; explicitFileType = wrapper.cfbundle; includeInIndex = 0; path = WeatherTests.xctest; sourceTree = BUILT_PRODUCTS_DIR; };
		FA11CAAD28B5D37400EB6FE8 /* WeatherTests.swift */ = {isa = PBXFileReference; lastKnownFileType = sourcecode.swift; path = WeatherTests.swift; sourceTree = "<group>"; };
		FA11CAB328B5D37400EB6FE8 /* WeatherUITests.xctest */ = {isa = PBXFileReference; explicitFileType = wrapper.cfbundle; includeInIndex = 0; path = WeatherUITests.xctest; sourceTree = BUILT_PRODUCTS_DIR; };
		FA11CAB728B5D37400EB6FE8 /* WeatherUITests.swift */ = {isa = PBXFileReference; lastKnownFileType = sourcecode.swift; path = WeatherUITests.swift; sourceTree = "<group>"; };
		FA11CAB928B5D37400EB6FE8 /* WeatherUITestsLaunchTests.swift */ = {isa = PBXFileReference; lastKnownFileType = sourcecode.swift; path = WeatherUITestsLaunchTests.swift; sourceTree = "<group>"; };
/* End PBXFileReference section */

/* Begin PBXFrameworksBuildPhase section */
		FA11CA8D28B5D37300EB6FE8 /* Frameworks */ = {
			isa = PBXFrameworksBuildPhase;
			buildActionMask = 2147483647;
			files = (
			);
			runOnlyForDeploymentPostprocessing = 0;
		};
		FA11CAA628B5D37400EB6FE8 /* Frameworks */ = {
			isa = PBXFrameworksBuildPhase;
			buildActionMask = 2147483647;
			files = (
			);
			runOnlyForDeploymentPostprocessing = 0;
		};
		FA11CAB028B5D37400EB6FE8 /* Frameworks */ = {
			isa = PBXFrameworksBuildPhase;
			buildActionMask = 2147483647;
			files = (
			);
			runOnlyForDeploymentPostprocessing = 0;
		};
/* End PBXFrameworksBuildPhase section */

/* Begin PBXGroup section */
		FA11CA8728B5D37300EB6FE8 = {
			isa = PBXGroup;
			children = (
				FA11CA9228B5D37300EB6FE8 /* Weather */,
				FA11CAAC28B5D37400EB6FE8 /* WeatherTests */,
				FA11CAB628B5D37400EB6FE8 /* WeatherUITests */,
				FA11CA9128B5D37300EB6FE8 /* Products */,
			);
			sourceTree = "<group>";
		};
		FA11CA9128B5D37300EB6FE8 /* Products */ = {
			isa = PBXGroup;
			children = (
				FA11CA9028B5D37300EB6FE8 /* Weather.app */,
				FA11CAA928B5D37400EB6FE8 /* WeatherTests.xctest */,
				FA11CAB328B5D37400EB6FE8 /* WeatherUITests.xctest */,
			);
			name = Products;
			sourceTree = "<group>";
		};
		FA11CA9228B5D37300EB6FE8 /* Weather */ = {
			isa = PBXGroup;
			children = (
				FA11CA9328B5D37300EB6FE8 /* AppDelegate.swift */,
				FA11CA9528B5D37300EB6FE8 /* SceneDelegate.swift */,
				FA11CA9728B5D37300EB6FE8 /* ViewController.swift */,
				FA11CA9928B5D37300EB6FE8 /* Main.storyboard */,
				FA11CA9F28B5D37300EB6FE8 /* Assets.xcassets */,
				FA11CAA128B5D37300EB6FE8 /* LaunchScreen.storyboard */,
				FA11CAA428B5D37300EB6FE8 /* Info.plist */,
				FA11CA9C28B5D37300EB6FE8 /* Weather.xcdatamodeld */,
			);
			path = Weather;
			sourceTree = "<group>";
		};
		FA11CAAC28B5D37400EB6FE8 /* WeatherTests */ = {
			isa = PBXGroup;
			children = (
				FA11CAAD28B5D37400EB6FE8 /* WeatherTests.swift */,
			);
			path = WeatherTests;
			sourceTree = "<group>";
		};
		FA11CAB628B5D37400EB6FE8 /* WeatherUITests */ = {
			isa = PBXGroup;
			children = (
				FA11CAB728B5D37400EB6FE8 /* WeatherUITests.swift */,
				FA11CAB928B5D37400EB6FE8 /* WeatherUITestsLaunchTests.swift */,
			);
			path = WeatherUITests;
			sourceTree = "<group>";
		};
/* End PBXGroup section */

/* Begin PBXNativeTarget section */
		FA11CA8F28B5D37300EB6FE8 /* Weather */ = {
			isa = PBXNativeTarget;
			buildConfigurationList = FA11CABD28B5D37400EB6FE8 /* Build configuration list for PBXNativeTarget "Weather" */;
			buildPhases = (
				FA11CA8C28B5D37300EB6FE8 /* Sources */,
				FA11CA8D28B5D37300EB6FE8 /* Frameworks */,
				FA11CA8E28B5D37300EB6FE8 /* Resources */,
			);
			buildRules = (
			);
			dependencies = (
			);
			name = Weather;
			productName = Weather;
			productReference = FA11CA9028B5D37300EB6FE8 /* Weather.app */;
			productType = "com.apple.product-type.application";
		};
		FA11CAA828B5D37400EB6FE8 /* WeatherTests */ = {
			isa = PBXNativeTarget;
			buildConfigurationList = FA11CAC028B5D37400EB6FE8 /* Build configuration list for PBXNativeTarget "WeatherTests" */;
			buildPhases = (
				FA11CAA528B5D37400EB6FE8 /* Sources */,
				FA11CAA628B5D37400EB6FE8 /* Frameworks */,
				FA11CAA728B5D37400EB6FE8 /* Resources */,
			);
			buildRules = (
			);
			dependencies = (
				FA11CAAB28B5D37400EB6FE8 /* PBXTargetDependency */,
			);
			name = WeatherTests;
			productName = WeatherTests;
			productReference = FA11CAA928B5D37400EB6FE8 /* WeatherTests.xctest */;
			productType = "com.apple.product-type.bundle.unit-test";
		};
		FA11CAB228B5D37400EB6FE8 /* WeatherUITests */ = {
			isa = PBXNativeTarget;
			buildConfigurationList = FA11CAC328B5D37400EB6FE8 /* Build configuration list for PBXNativeTarget "WeatherUITests" */;
			buildPhases = (
				FA11CAAF28B5D37400EB6FE8 /* Sources */,
				FA11CAB028B5D37400EB6FE8 /* Frameworks */,
				FA11CAB128B5D37400EB6FE8 /* Resources */,
			);
			buildRules = (
			);
			dependencies = (
				FA11CAB528B5D37400EB6FE8 /* PBXTargetDependency */,
			);
			name = WeatherUITests;
			productName = WeatherUITests;
			productReference = FA11CAB328B5D37400EB6FE8 /* WeatherUITests.xctest */;
			productType = "com.apple.product-type.bundle.ui-testing";
		};
/* End PBXNativeTarget section */

/* Begin PBXProject section */
		FA11CA8828B5D37300EB6FE8 /* Project object */ = {
			isa = PBXProject;
			attributes = {
				BuildIndependentTargetsInParallel = 1;
				LastSwiftUpdateCheck = 1300;
				LastUpgradeCheck = 1300;
				TargetAttributes = {
					FA11CA8F28B5D37300EB6FE8 = {
						CreatedOnToolsVersion = 13.0;
					};
					FA11CAA828B5D37400EB6FE8 = {
						CreatedOnToolsVersion = 13.0;
						TestTargetID = FA11CA8F28B5D37300EB6FE8;
					};
					FA11CAB228B5D37400EB6FE8 = {
						CreatedOnToolsVersion = 13.0;
						TestTargetID = FA11CA8F28B5D37300EB6FE8;
					};
				};
			};
			buildConfigurationList = FA11CA8B28B5D37300EB6FE8 /* Build configuration list for PBXProject "Weather" */;
			compatibilityVersion = "Xcode 13.0";
			developmentRegion = en;
			hasScannedForEncodings = 0;
			knownRegions = (
				en,
				Base,
			);
			mainGroup = FA11CA8728B5D37300EB6FE8;
			productRefGroup = FA11CA9128B5D37300EB6FE8 /* Products */;
			projectDirPath = "";
			projectRoot = "";
			targets = (
				FA11CA8F28B5D37300EB6FE8 /* Weather */,
				FA11CAA828B5D37400EB6FE8 /* WeatherTests */,
				FA11CAB228B5D37400EB6FE8 /* WeatherUITests */,
			);
		};
/* End PBXProject section */

/* Begin PBXResourcesBuildPhase section */
		FA11CA8E28B5D37300EB6FE8 /* Resources */ = {
			isa = PBXResourcesBuildPhase;
			buildActionMask = 2147483647;
			files = (
				FA11CAA328B5D37300EB6FE8 /* LaunchScreen.storyboard in Resources */,
				FA11CAA028B5D37300EB6FE8 /* Assets.xcassets in Resources */,
				FA11CA9B28B5D37300EB6FE8 /* Main.storyboard in Resources */,
			);
			runOnlyForDeploymentPostprocessing = 0;
		};
		FA11CAA728B5D37400EB6FE8 /* Resources */ = {
			isa = PBXResourcesBuildPhase;
			buildActionMask = 2147483647;
			files = (
			);
			runOnlyForDeploymentPostprocessing = 0;
		};
		FA11CAB128B5D37400EB6FE8 /* Resources */ = {
			isa = PBXResourcesBuildPhase;
			buildActionMask = 2147483647;
			files = (
			);
			runOnlyForDeploymentPostprocessing = 0;
		};
/* End PBXResourcesBuildPhase section */

/* Begin PBXSourcesBuildPhase section */
		FA11CA8C28B5D37300EB6FE8 /* Sources */ = {
			isa = PBXSourcesBuildPhase;
			buildActionMask = 2147483647;
			files = (
				FA11CA9E28B5D37300EB6FE8 /* Weather.xcdatamodeld in Sources */,
				FA11CA9828B5D37300EB6FE8 /* ViewController.swift in Sources */,
				FA11CA9428B5D37300EB6FE8 /* AppDelegate.swift in Sources */,
				FA11CA9628B5D37300EB6FE8 /* SceneDelegate.swift in Sources */,
			);
			runOnlyForDeploymentPostprocessing = 0;
		};
		FA11CAA528B5D37400EB6FE8 /* Sources */ = {
			isa = PBXSourcesBuildPhase;
			buildActionMask = 2147483647;
			files = (
				FA11CAAE28B5D37400EB6FE8 /* WeatherTests.swift in Sources */,
			);
			runOnlyForDeploymentPostprocessing = 0;
		};
		FA11CAAF28B5D37400EB6FE8 /* Sources */ = {
			isa = PBXSourcesBuildPhase;
			buildActionMask = 2147483647;
			files = (
				FA11CAB828B5D37400EB6FE8 /* WeatherUITests.swift in Sources */,
				FA11CABA28B5D37400EB6FE8 /* WeatherUITestsLaunchTests.swift in Sources */,
			);
			runOnlyForDeploymentPostprocessing = 0;
		};
/* End PBXSourcesBuildPhase section */

/* Begin PBXTargetDependency section */
		FA11CAAB28B5D37400EB6FE8 /* PBXTargetDependency */ = {
			isa = PBXTargetDependency;
			target = FA11CA8F28B5D37300EB6FE8 /* Weather */;
			targetProxy = FA11CAAA28B5D37400EB6FE8 /* PBXContainerItemProxy */;
		};
		FA11CAB528B5D37400EB6FE8 /* PBXTargetDependency */ = {
			isa = PBXTargetDependency;
			target = FA11CA8F28B5D37300EB6FE8 /* Weather */;
			targetProxy = FA11CAB428B5D37400EB6FE8 /* PBXContainerItemProxy */;
		};
/* End PBXTargetDependency section */

/* Begin PBXVariantGroup section */
		FA11CA9928B5D37300EB6FE8 /* Main.storyboard */ = {
			isa = PBXVariantGroup;
			children = (
				FA11CA9A28B5D37300EB6FE8 /* Base */,
			);
			name = Main.storyboard;
			sourceTree = "<group>";
		};
		FA11CAA128B5D37300EB6FE8 /* LaunchScreen.storyboard */ = {
			isa = PBXVariantGroup;
			children = (
				FA11CAA228B5D37300EB6FE8 /* Base */,
			);
			name = LaunchScreen.storyboard;
			sourceTree = "<group>";
		};
/* End PBXVariantGroup section */

/* Begin XCBuildConfiguration section */
		FA11CABB28B5D37400EB6FE8 /* Debug */ = {
			isa = XCBuildConfiguration;
			buildSettings = {
				ALWAYS_SEARCH_USER_PATHS = NO;
				CLANG_ANALYZER_NONNULL = YES;
				CLANG_ANALYZER_NUMBER_OBJECT_CONVERSION = YES_AGGRESSIVE;
				CLANG_CXX_LANGUAGE_STANDARD = "gnu++17";
				CLANG_CXX_LIBRARY = "libc++";
				CLANG_ENABLE_MODULES = YES;
				CLANG_ENABLE_OBJC_ARC = YES;
				CLANG_ENABLE_OBJC_WEAK = YES;
				CLANG_WARN_BLOCK_CAPTURE_AUTORELEASING = YES;
				CLANG_WARN_BOOL_CONVERSION = YES;
				CLANG_WARN_COMMA = YES;
				CLANG_WARN_CONSTANT_CONVERSION = YES;
				CLANG_WARN_DEPRECATED_OBJC_IMPLEMENTATIONS = YES;
				CLANG_WARN_DIRECT_OBJC_ISA_USAGE = YES_ERROR;
				CLANG_WARN_DOCUMENTATION_COMMENTS = YES;
				CLANG_WARN_EMPTY_BODY = YES;
				CLANG_WARN_ENUM_CONVERSION = YES;
				CLANG_WARN_INFINITE_RECURSION = YES;
				CLANG_WARN_INT_CONVERSION = YES;
				CLANG_WARN_NON_LITERAL_NULL_CONVERSION = YES;
				CLANG_WARN_OBJC_IMPLICIT_RETAIN_SELF = YES;
				CLANG_WARN_OBJC_LITERAL_CONVERSION = YES;
				CLANG_WARN_OBJC_ROOT_CLASS = YES_ERROR;
				CLANG_WARN_QUOTED_INCLUDE_IN_FRAMEWORK_HEADER = YES;
				CLANG_WARN_RANGE_LOOP_ANALYSIS = YES;
				CLANG_WARN_STRICT_PROTOTYPES = YES;
				CLANG_WARN_SUSPICIOUS_MOVE = YES;
				CLANG_WARN_UNGUARDED_AVAILABILITY = YES_AGGRESSIVE;
				CLANG_WARN_UNREACHABLE_CODE = YES;
				CLANG_WARN__DUPLICATE_METHOD_MATCH = YES;
				COPY_PHASE_STRIP = NO;
				DEBUG_INFORMATION_FORMAT = dwarf;
				ENABLE_STRICT_OBJC_MSGSEND = YES;
				ENABLE_TESTABILITY = YES;
				GCC_C_LANGUAGE_STANDARD = gnu11;
				GCC_DYNAMIC_NO_PIC = NO;
				GCC_NO_COMMON_BLOCKS = YES;
				GCC_OPTIMIZATION_LEVEL = 0;
				GCC_PREPROCESSOR_DEFINITIONS = (
					"DEBUG=1",
					"$(inherited)",
				);
				GCC_WARN_64_TO_32_BIT_CONVERSION = YES;
				GCC_WARN_ABOUT_RETURN_TYPE = YES_ERROR;
				GCC_WARN_UNDECLARED_SELECTOR = YES;
				GCC_WARN_UNINITIALIZED_AUTOS = YES_AGGRESSIVE;
				GCC_WARN_UNUSED_FUNCTION = YES;
				GCC_WARN_UNUSED_VARIABLE = YES;
				IPHONEOS_DEPLOYMENT_TARGET = 13.0;
				MTL_ENABLE_DEBUG_INFO = INCLUDE_SOURCE;
				MTL_FAST_MATH = YES;
				ONLY_ACTIVE_ARCH = YES;
				SDKROOT = iphoneos;
				SWIFT_ACTIVE_COMPILATION_CONDITIONS = DEBUG;
				SWIFT_OPTIMIZATION_LEVEL = "-Onone";
			};
			name = Debug;
		};
		FA11CABC28B5D37400EB6FE8 /* Release */ = {
			isa = XCBuildConfiguration;
			buildSettings = {
				ALWAYS_SEARCH_USER_PATHS = NO;
				CLANG_ANALYZER_NONNULL = YES;
				CLANG_ANALYZER_NUMBER_OBJECT_CONVERSION = YES_AGGRESSIVE;
				CLANG_CXX_LANGUAGE_STANDARD = "gnu++17";
				CLANG_CXX_LIBRARY = "libc++";
				CLANG_ENABLE_MODULES = YES;
				CLANG_ENABLE_OBJC_ARC = YES;
				CLANG_ENABLE_OBJC_WEAK = YES;
				CLANG_WARN_BLOCK_CAPTURE_AUTORELEASING = YES;
				CLANG_WARN_BOOL_CONVERSION = YES;
				CLANG_WARN_COMMA = YES;
				CLANG_WARN_CONSTANT_CONVERSION = YES;
				CLANG_WARN_DEPRECATED_OBJC_IMPLEMENTATIONS = YES;
				CLANG_WARN_DIRECT_OBJC_ISA_USAGE = YES_ERROR;
				CLANG_WARN_DOCUMENTATION_COMMENTS = YES;
				CLANG_WARN_EMPTY_BODY = YES;
				CLANG_WARN_ENUM_CONVERSION = YES;
				CLANG_WARN_INFINITE_RECURSION = YES;
				CLANG_WARN_INT_CONVERSION = YES;
				CLANG_WARN_NON_LITERAL_NULL_CONVERSION = YES;
				CLANG_WARN_OBJC_IMPLICIT_RETAIN_SELF = YES;
				CLANG_WARN_OBJC_LITERAL_CONVERSION = YES;
				CLANG_WARN_OBJC_ROOT_CLASS = YES_ERROR;
				CLANG_WARN_QUOTED_INCLUDE_IN_FRAMEWORK_HEADER = YES;
				CLANG_WARN_RANGE_LOOP_ANALYSIS = YES;
				CLANG_WARN_STRICT_PROTOTYPES = YES;
				CLANG_WARN_SUSPICIOUS_MOVE = YES;
				CLANG_WARN_UNGUARDED_AVAILABILITY = YES_AGGRESSIVE;
				CLANG_WARN_UNREACHABLE_CODE = YES;
				CLANG_WARN__DUPLICATE_METHOD_MATCH = YES;
				COPY_PHASE_STRIP = NO;
				DEBUG_INFORMATION_FORMAT = "dwarf-with-dsym";
				ENABLE_NS_ASSERTIONS = NO;
				ENABLE_STRICT_OBJC_MSGSEND = YES;
				GCC_C_LANGUAGE_STANDARD = gnu11;
				GCC_NO_COMMON_BLOCKS = YES;
				GCC_WARN_64_TO_32_BIT_CONVERSION = YES;
				GCC_WARN_ABOUT_RETURN_TYPE = YES_ERROR;
				GCC_WARN_UNDECLARED_SELECTOR = YES;
				GCC_WARN_UNINITIALIZED_AUTOS = YES_AGGRESSIVE;
				GCC_WARN_UNUSED_FUNCTION = YES;
				GCC_WARN_UNUSED_VARIABLE = YES;
				IPHONEOS_DEPLOYMENT_TARGET = 13.0;
				MTL_ENABLE_DEBUG_INFO = NO;
				MTL_FAST_MATH = YES;
				SDKROOT = iphoneos;
				SWIFT_COMPILATION_MODE = wholemodule;
				SWIFT_OPTIMIZATION_LEVEL = "-O";
				VALIDATE_PRODUCT = YES;
			};
			name = Release;
		};
		FA11CABE28B5D37400EB6FE8 /* Debug */ = {
			isa = XCBuildConfiguration;
			buildSettings = {
				ASSETCATALOG_COMPILER_APPICON_NAME = AppIcon;
				ASSETCATALOG_COMPILER_GLOBAL_ACCENT_COLOR_NAME = AccentColor;
				CODE_SIGN_STYLE = Automatic;
				CURRENT_PROJECT_VERSION = 1;
				GENERATE_INFOPLIST_FILE = YES;
				INFOPLIST_FILE = Weather/Info.plist;
				INFOPLIST_KEY_UIApplicationSupportsIndirectInputEvents = YES;
				INFOPLIST_KEY_UILaunchStoryboardName = LaunchScreen;
				INFOPLIST_KEY_UIMainStoryboardFile = Main;
				INFOPLIST_KEY_UISupportedInterfaceOrientations_iPad = "UIInterfaceOrientationPortrait UIInterfaceOrientationPortraitUpsideDown UIInterfaceOrientationLandscapeLeft UIInterfaceOrientationLandscapeRight";
				INFOPLIST_KEY_UISupportedInterfaceOrientations_iPhone = "UIInterfaceOrientationPortrait UIInterfaceOrientationLandscapeLeft UIInterfaceOrientationLandscapeRight";
				LD_RUNPATH_SEARCH_PATHS = (
					"$(inherited)",
					"@executable_path/Frameworks",
				);
				MARKETING_VERSION = 1.0;
				PRODUCT_BUNDLE_IDENTIFIER = com.phonwalai.Weather;
				PRODUCT_NAME = "$(TARGET_NAME)";
				SWIFT_EMIT_LOC_STRINGS = YES;
				SWIFT_VERSION = 5.0;
				TARGETED_DEVICE_FAMILY = "1,2";
			};
			name = Debug;
		};
		FA11CABF28B5D37400EB6FE8 /* Release */ = {
			isa = XCBuildConfiguration;
			buildSettings = {
				ASSETCATALOG_COMPILER_APPICON_NAME = AppIcon;
				ASSETCATALOG_COMPILER_GLOBAL_ACCENT_COLOR_NAME = AccentColor;
				CODE_SIGN_STYLE = Automatic;
				CURRENT_PROJECT_VERSION = 1;
				GENERATE_INFOPLIST_FILE = YES;
				INFOPLIST_FILE = Weather/Info.plist;
				INFOPLIST_KEY_UIApplicationSupportsIndirectInputEvents = YES;
				INFOPLIST_KEY_UILaunchStoryboardName = LaunchScreen;
				INFOPLIST_KEY_UIMainStoryboardFile = Main;
				INFOPLIST_KEY_UISupportedInterfaceOrientations_iPad = "UIInterfaceOrientationPortrait UIInterfaceOrientationPortraitUpsideDown UIInterfaceOrientationLandscapeLeft UIInterfaceOrientationLandscapeRight";
				INFOPLIST_KEY_UISupportedInterfaceOrientations_iPhone = "UIInterfaceOrientationPortrait UIInterfaceOrientationLandscapeLeft UIInterfaceOrientationLandscapeRight";
				LD_RUNPATH_SEARCH_PATHS = (
					"$(inherited)",
					"@executable_path/Frameworks",
				);
				MARKETING_VERSION = 1.0;
				PRODUCT_BUNDLE_IDENTIFIER = com.phonwalai.Weather;
				PRODUCT_NAME = "$(TARGET_NAME)";
				SWIFT_EMIT_LOC_STRINGS = YES;
				SWIFT_VERSION = 5.0;
				TARGETED_DEVICE_FAMILY = "1,2";
			};
			name = Release;
		};
		FA11CAC128B5D37400EB6FE8 /* Debug */ = {
			isa = XCBuildConfiguration;
			buildSettings = {
				ALWAYS_EMBED_SWIFT_STANDARD_LIBRARIES = YES;
				BUNDLE_LOADER = "$(TEST_HOST)";
				CODE_SIGN_STYLE = Automatic;
				CURRENT_PROJECT_VERSION = 1;
				GENERATE_INFOPLIST_FILE = YES;
				IPHONEOS_DEPLOYMENT_TARGET = 15.0;
				LD_RUNPATH_SEARCH_PATHS = (
					"$(inherited)",
					"@executable_path/Frameworks",
					"@loader_path/Frameworks",
				);
				MARKETING_VERSION = 1.0;
				PRODUCT_BUNDLE_IDENTIFIER = com.phonwalai.WeatherTests;
				PRODUCT_NAME = "$(TARGET_NAME)";
				SWIFT_EMIT_LOC_STRINGS = NO;
				SWIFT_VERSION = 5.0;
				TARGETED_DEVICE_FAMILY = "1,2";
				TEST_HOST = "$(BUILT_PRODUCTS_DIR)/Weather.app/Weather";
			};
			name = Debug;
		};
		FA11CAC228B5D37400EB6FE8 /* Release */ = {
			isa = XCBuildConfiguration;
			buildSettings = {
				ALWAYS_EMBED_SWIFT_STANDARD_LIBRARIES = YES;
				BUNDLE_LOADER = "$(TEST_HOST)";
				CODE_SIGN_STYLE = Automatic;
				CURRENT_PROJECT_VERSION = 1;
				GENERATE_INFOPLIST_FILE = YES;
				IPHONEOS_DEPLOYMENT_TARGET = 15.0;
				LD_RUNPATH_SEARCH_PATHS = (
					"$(inherited)",
					"@executable_path/Frameworks",
					"@loader_path/Frameworks",
				);
				MARKETING_VERSION = 1.0;
				PRODUCT_BUNDLE_IDENTIFIER = com.phonwalai.WeatherTests;
				PRODUCT_NAME = "$(TARGET_NAME)";
				SWIFT_EMIT_LOC_STRINGS = NO;
				SWIFT_VERSION = 5.0;
				TARGETED_DEVICE_FAMILY = "1,2";
				TEST_HOST = "$(BUILT_PRODUCTS_DIR)/Weather.app/Weather";
			};
			name = Release;
		};
		FA11CAC428B5D37400EB6FE8 /* Debug */ = {
			isa = XCBuildConfiguration;
			buildSettings = {
				ALWAYS_EMBED_SWIFT_STANDARD_LIBRARIES = YES;
				CODE_SIGN_STYLE = Automatic;
				CURRENT_PROJECT_VERSION = 1;
				GENERATE_INFOPLIST_FILE = YES;
				LD_RUNPATH_SEARCH_PATHS = (
					"$(inherited)",
					"@executable_path/Frameworks",
					"@loader_path/Frameworks",
				);
				MARKETING_VERSION = 1.0;
				PRODUCT_BUNDLE_IDENTIFIER = com.phonwalai.WeatherUITests;
				PRODUCT_NAME = "$(TARGET_NAME)";
				SWIFT_EMIT_LOC_STRINGS = NO;
				SWIFT_VERSION = 5.0;
				TARGETED_DEVICE_FAMILY = "1,2";
				TEST_TARGET_NAME = Weather;
			};
			name = Debug;
		};
		FA11CAC528B5D37400EB6FE8 /* Release */ = {
			isa = XCBuildConfiguration;
			buildSettings = {
				ALWAYS_EMBED_SWIFT_STANDARD_LIBRARIES = YES;
				CODE_SIGN_STYLE = Automatic;
				CURRENT_PROJECT_VERSION = 1;
				GENERATE_INFOPLIST_FILE = YES;
				LD_RUNPATH_SEARCH_PATHS = (
					"$(inherited)",
					"@executable_path/Frameworks",
					"@loader_path/Frameworks",
				);
				MARKETING_VERSION = 1.0;
				PRODUCT_BUNDLE_IDENTIFIER = com.phonwalai.WeatherUITests;
				PRODUCT_NAME = "$(TARGET_NAME)";
				SWIFT_EMIT_LOC_STRINGS = NO;
				SWIFT_VERSION = 5.0;
				TARGETED_DEVICE_FAMILY = "1,2";
				TEST_TARGET_NAME = Weather;
			};
			name = Release;
		};
/* End XCBuildConfiguration section */

/* Begin XCConfigurationList section */
		FA11CA8B28B5D37300EB6FE8 /* Build configuration list for PBXProject "Weather" */ = {
			isa = XCConfigurationList;
			buildConfigurations = (
				FA11CABB28B5D37400EB6FE8 /* Debug */,
				FA11CABC28B5D37400EB6FE8 /* Release */,
			);
			defaultConfigurationIsVisible = 0;
			defaultConfigurationName = Release;
		};
		FA11CABD28B5D37400EB6FE8 /* Build configuration list for PBXNativeTarget "Weather" */ = {
			isa = XCConfigurationList;
			buildConfigurations = (
				FA11CABE28B5D37400EB6FE8 /* Debug */,
				FA11CABF28B5D37400EB6FE8 /* Release */,
			);
			defaultConfigurationIsVisible = 0;
			defaultConfigurationName = Release;
		};
		FA11CAC028B5D37400EB6FE8 /* Build configuration list for PBXNativeTarget "WeatherTests" */ = {
			isa = XCConfigurationList;
			buildConfigurations = (
				FA11CAC128B5D37400EB6FE8 /* Debug */,
				FA11CAC228B5D37400EB6FE8 /* Release */,
			);
			defaultConfigurationIsVisible = 0;
			defaultConfigurationName = Release;
		};
		FA11CAC328B5D37400EB6FE8 /* Build configuration list for PBXNativeTarget "WeatherUITests" */ = {
			isa = XCConfigurationList;
			buildConfigurations = (
				FA11CAC428B5D37400EB6FE8 /* Debug */,
				FA11CAC528B5D37400EB6FE8 /* Release */,
			);
			defaultConfigurationIsVisible = 0;
			defaultConfigurationName = Release;
		};
/* End XCConfigurationList section */

/* Begin XCVersionGroup section */
		FA11CA9C28B5D37300EB6FE8 /* Weather.xcdatamodeld */ = {
			isa = XCVersionGroup;
			children = (
				FA11CA9D28B5D37300EB6FE8 /* Weather.xcdatamodel */,
			);
			currentVersion = FA11CA9D28B5D37300EB6FE8 /* Weather.xcdatamodel */;
			path = Weather.xcdatamodeld;
			sourceTree = "<group>";
			versionGroupType = wrapper.xcdatamodel;
		};
/* End XCVersionGroup section */
	};
	rootObject = FA11CA8828B5D37300EB6FE8 /* Project object */;
}
